
Microsoft Visual Studio Solution File, Format Version 12.00
Project("{2150E333-8FDC-42A3-9474-1A3956D46DE8}") = "SolutionItems", "SolutionItems", "{ACE26367-653F-446E-B8FF-E821FF980537}"
	ProjectSection(SolutionItems) = preProject
		global.json = global.json
	EndProjectSection
EndProject
Project("{2150E333-8FDC-42A3-9474-1A3956D46DE8}") = "src", "src", "{9BAE5EFE-89A2-47F4-8373-199CBC08F8A4}"
EndProject
Project("{2150E333-8FDC-42A3-9474-1A3956D46DE8}") = "test", "test", "{72E5CECE-2C77-48C5-8C62-985B6D9E399F}"
EndProject
Project("{2150E333-8FDC-42A3-9474-1A3956D46DE8}") = "ApiGateways", "ApiGateways", "{E2F5DD92-7025-4EF4-B23A-35D488500307}"
EndProject
Project("{2150E333-8FDC-42A3-9474-1A3956D46DE8}") = "BuildingBlocks", "BuildingBlocks", "{84FB9E9D-6B4F-43DD-9EE2-F65300AB38F0}"
EndProject
Project("{2150E333-8FDC-42A3-9474-1A3956D46DE8}") = "Services", "Services", "{7C50306E-E2A9-4B0F-8900-378CA7DE057E}"
EndProject
Project("{2150E333-8FDC-42A3-9474-1A3956D46DE8}") = "WebApps", "WebApps", "{6A42A7B3-D160-440B-BD1B-15494A654931}"
EndProject
Project("{FAE04EC0-301F-11D3-BF4B-00C04F79EFBC}") = "Common.Logging", "src\BuildingBlocks\Common.Logging\Common.Logging.csproj", "{49983F13-64B6-4605-99A8-09716793396A}"
EndProject
Project("{FAE04EC0-301F-11D3-BF4B-00C04F79EFBC}") = "EventBus.Messages", "src\BuildingBlocks\EventBus.Messages\EventBus.Messages.csproj", "{783AEC8C-FA4C-4935-B6EB-BE237EE5C389}"
EndProject
Project("{2150E333-8FDC-42A3-9474-1A3956D46DE8}") = "Product", "Product", "{2C232B18-A90E-49C1-A61B-A59D5CA5F1BC}"
EndProject
Project("{2150E333-8FDC-42A3-9474-1A3956D46DE8}") = "Customer", "Customer", "{8334A9A5-4FDB-4C50-AE42-B251FC785D07}"
EndProject
Project("{2150E333-8FDC-42A3-9474-1A3956D46DE8}") = "Basket", "Basket", "{F9E2EDA0-6BC6-4F56-9EC2-87A870BC7C9C}"
EndProject
Project("{2150E333-8FDC-42A3-9474-1A3956D46DE8}") = "Ordering", "Ordering", "{72F8434C-ABA9-4490-A05C-E74AFA0C09AC}"
EndProject
Project("{2150E333-8FDC-42A3-9474-1A3956D46DE8}") = "Inventory", "Inventory", "{F8766F70-5EC6-4C34-836E-8371CFEBB993}"
EndProject
Project("{2150E333-8FDC-42A3-9474-1A3956D46DE8}") = "ScheduledJob", "ScheduledJob", "{A4BA8769-E921-43B8-9E34-96DAF81071C0}"
EndProject
Project("{FAE04EC0-301F-11D3-BF4B-00C04F79EFBC}") = "WebHealthStatus", "src\WebApps\WebHealthStatus\WebHealthStatus.csproj", "{7223964D-2C85-43E3-88B5-4DDFED94DF21}"
EndProject
Project("{FAE04EC0-301F-11D3-BF4B-00C04F79EFBC}") = "Basket.API", "src\Services\Basket.API\Basket.API.csproj", "{A90238D9-735B-4E59-84E9-469E134A72A5}"
EndProject
Project("{FAE04EC0-301F-11D3-BF4B-00C04F79EFBC}") = "Customer.API", "src\Services\Customer.API\Customer.API.csproj", "{47A25F0F-52CF-415B-AA8D-506640EA58FC}"
EndProject
Project("{FAE04EC0-301F-11D3-BF4B-00C04F79EFBC}") = "Inventory.Product.API", "src\Services\Inventory.Product.API\Inventory.Product.API.csproj", "{E43865C5-F50D-48D2-8440-428F802F04AE}"
EndProject
Project("{FAE04EC0-301F-11D3-BF4B-00C04F79EFBC}") = "Ordering.API", "src\Services\Ordering.API\Ordering.API.csproj", "{956642DD-1F15-4E91-974C-ED40B5CB46EA}"
EndProject
Project("{FAE04EC0-301F-11D3-BF4B-00C04F79EFBC}") = "Product.API", "src\Services\Product.API\Product.API.csproj", "{2F57AE37-A4B2-4B95-9935-A357B97AD259}"
EndProject
Project("{FAE04EC0-301F-11D3-BF4B-00C04F79EFBC}") = "Hangfire.API", "src\Services\Hangfire.API\Hangfire.API.csproj", "{195D3251-8A72-4395-9DFB-26179F17D1D0}"
EndProject
Project("{FAE04EC0-301F-11D3-BF4B-00C04F79EFBC}") = "Contracts", "src\BuildingBlocks\Contracts\Contracts.csproj", "{C6FC88FB-2A0E-471A-BDEF-F9EF3D290CAD}"
EndProject
Project("{FAE04EC0-301F-11D3-BF4B-00C04F79EFBC}") = "Infrastructure", "src\BuildingBlocks\Infrastructure\Infrastructure.csproj", "{5DC5E5A9-9D8D-44A0-8954-B55F457FF006}"
EndProject
Project("{FAE04EC0-301F-11D3-BF4B-00C04F79EFBC}") = "Shared", "src\BuildingBlocks\Shared\Shared.csproj", "{B7763BC7-B406-446F-97A8-4CEF9E7FC1C1}"
EndProject
Project("{FAE04EC0-301F-11D3-BF4B-00C04F79EFBC}") = "OcelotApiGw", "src\ApiGatways\OcelotApiGw\OcelotApiGw.csproj", "{3AB6808A-10DD-4C26-B6E9-EDB9E5FAB762}"
EndProject
Global
	GlobalSection(SolutionConfigurationPlatforms) = preSolution
		Debug|Any CPU = Debug|Any CPU
		Release|Any CPU = Release|Any CPU
	EndGlobalSection
	GlobalSection(NestedProjects) = preSolution
		{E2F5DD92-7025-4EF4-B23A-35D488500307} = {9BAE5EFE-89A2-47F4-8373-199CBC08F8A4}
		{84FB9E9D-6B4F-43DD-9EE2-F65300AB38F0} = {9BAE5EFE-89A2-47F4-8373-199CBC08F8A4}
		{7C50306E-E2A9-4B0F-8900-378CA7DE057E} = {9BAE5EFE-89A2-47F4-8373-199CBC08F8A4}
		{6A42A7B3-D160-440B-BD1B-15494A654931} = {9BAE5EFE-89A2-47F4-8373-199CBC08F8A4}
		{49983F13-64B6-4605-99A8-09716793396A} = {84FB9E9D-6B4F-43DD-9EE2-F65300AB38F0}
		{783AEC8C-FA4C-4935-B6EB-BE237EE5C389} = {84FB9E9D-6B4F-43DD-9EE2-F65300AB38F0}
		{2C232B18-A90E-49C1-A61B-A59D5CA5F1BC} = {7C50306E-E2A9-4B0F-8900-378CA7DE057E}
		{8334A9A5-4FDB-4C50-AE42-B251FC785D07} = {7C50306E-E2A9-4B0F-8900-378CA7DE057E}
		{F9E2EDA0-6BC6-4F56-9EC2-87A870BC7C9C} = {7C50306E-E2A9-4B0F-8900-378CA7DE057E}
		{72F8434C-ABA9-4490-A05C-E74AFA0C09AC} = {7C50306E-E2A9-4B0F-8900-378CA7DE057E}
		{F8766F70-5EC6-4C34-836E-8371CFEBB993} = {7C50306E-E2A9-4B0F-8900-378CA7DE057E}
		{A4BA8769-E921-43B8-9E34-96DAF81071C0} = {7C50306E-E2A9-4B0F-8900-378CA7DE057E}
		{7223964D-2C85-43E3-88B5-4DDFED94DF21} = {6A42A7B3-D160-440B-BD1B-15494A654931}
		{A90238D9-735B-4E59-84E9-469E134A72A5} = {F9E2EDA0-6BC6-4F56-9EC2-87A870BC7C9C}
		{47A25F0F-52CF-415B-AA8D-506640EA58FC} = {8334A9A5-4FDB-4C50-AE42-B251FC785D07}
		{E43865C5-F50D-48D2-8440-428F802F04AE} = {F8766F70-5EC6-4C34-836E-8371CFEBB993}
		{956642DD-1F15-4E91-974C-ED40B5CB46EA} = {72F8434C-ABA9-4490-A05C-E74AFA0C09AC}
		{2F57AE37-A4B2-4B95-9935-A357B97AD259} = {2C232B18-A90E-49C1-A61B-A59D5CA5F1BC}
		{195D3251-8A72-4395-9DFB-26179F17D1D0} = {A4BA8769-E921-43B8-9E34-96DAF81071C0}
		{C6FC88FB-2A0E-471A-BDEF-F9EF3D290CAD} = {84FB9E9D-6B4F-43DD-9EE2-F65300AB38F0}
		{5DC5E5A9-9D8D-44A0-8954-B55F457FF006} = {84FB9E9D-6B4F-43DD-9EE2-F65300AB38F0}
		{B7763BC7-B406-446F-97A8-4CEF9E7FC1C1} = {84FB9E9D-6B4F-43DD-9EE2-F65300AB38F0}
		{3AB6808A-10DD-4C26-B6E9-EDB9E5FAB762} = {E2F5DD92-7025-4EF4-B23A-35D488500307}
	EndGlobalSection
	GlobalSection(ProjectConfigurationPlatforms) = postSolution
		{49983F13-64B6-4605-99A8-09716793396A}.Debug|Any CPU.ActiveCfg = Debug|Any CPU
		{49983F13-64B6-4605-99A8-09716793396A}.Debug|Any CPU.Build.0 = Debug|Any CPU
		{49983F13-64B6-4605-99A8-09716793396A}.Release|Any CPU.ActiveCfg = Release|Any CPU
		{49983F13-64B6-4605-99A8-09716793396A}.Release|Any CPU.Build.0 = Release|Any CPU
		{783AEC8C-FA4C-4935-B6EB-BE237EE5C389}.Debug|Any CPU.ActiveCfg = Debug|Any CPU
		{783AEC8C-FA4C-4935-B6EB-BE237EE5C389}.Debug|Any CPU.Build.0 = Debug|Any CPU
		{783AEC8C-FA4C-4935-B6EB-BE237EE5C389}.Release|Any CPU.ActiveCfg = Release|Any CPU
		{783AEC8C-FA4C-4935-B6EB-BE237EE5C389}.Release|Any CPU.Build.0 = Release|Any CPU
		{7223964D-2C85-43E3-88B5-4DDFED94DF21}.Debug|Any CPU.ActiveCfg = Debug|Any CPU
		{7223964D-2C85-43E3-88B5-4DDFED94DF21}.Debug|Any CPU.Build.0 = Debug|Any CPU
		{7223964D-2C85-43E3-88B5-4DDFED94DF21}.Release|Any CPU.ActiveCfg = Release|Any CPU
		{7223964D-2C85-43E3-88B5-4DDFED94DF21}.Release|Any CPU.Build.0 = Release|Any CPU
		{A90238D9-735B-4E59-84E9-469E134A72A5}.Debug|Any CPU.ActiveCfg = Debug|Any CPU
		{A90238D9-735B-4E59-84E9-469E134A72A5}.Debug|Any CPU.Build.0 = Debug|Any CPU
		{A90238D9-735B-4E59-84E9-469E134A72A5}.Release|Any CPU.ActiveCfg = Release|Any CPU
		{A90238D9-735B-4E59-84E9-469E134A72A5}.Release|Any CPU.Build.0 = Release|Any CPU
		{47A25F0F-52CF-415B-AA8D-506640EA58FC}.Debug|Any CPU.ActiveCfg = Debug|Any CPU
		{47A25F0F-52CF-415B-AA8D-506640EA58FC}.Debug|Any CPU.Build.0 = Debug|Any CPU
		{47A25F0F-52CF-415B-AA8D-506640EA58FC}.Release|Any CPU.ActiveCfg = Release|Any CPU
		{47A25F0F-52CF-415B-AA8D-506640EA58FC}.Release|Any CPU.Build.0 = Release|Any CPU
		{E43865C5-F50D-48D2-8440-428F802F04AE}.Debug|Any CPU.ActiveCfg = Debug|Any CPU
		{E43865C5-F50D-48D2-8440-428F802F04AE}.Debug|Any CPU.Build.0 = Debug|Any CPU
		{E43865C5-F50D-48D2-8440-428F802F04AE}.Release|Any CPU.ActiveCfg = Release|Any CPU
		{E43865C5-F50D-48D2-8440-428F802F04AE}.Release|Any CPU.Build.0 = Release|Any CPU
		{956642DD-1F15-4E91-974C-ED40B5CB46EA}.Debug|Any CPU.ActiveCfg = Debug|Any CPU
		{956642DD-1F15-4E91-974C-ED40B5CB46EA}.Debug|Any CPU.Build.0 = Debug|Any CPU
		{956642DD-1F15-4E91-974C-ED40B5CB46EA}.Release|Any CPU.ActiveCfg = Release|Any CPU
		{956642DD-1F15-4E91-974C-ED40B5CB46EA}.Release|Any CPU.Build.0 = Release|Any CPU
		{2F57AE37-A4B2-4B95-9935-A357B97AD259}.Debug|Any CPU.ActiveCfg = Debug|Any CPU
		{2F57AE37-A4B2-4B95-9935-A357B97AD259}.Debug|Any CPU.Build.0 = Debug|Any CPU
		{2F57AE37-A4B2-4B95-9935-A357B97AD259}.Release|Any CPU.ActiveCfg = Release|Any CPU
		{2F57AE37-A4B2-4B95-9935-A357B97AD259}.Release|Any CPU.Build.0 = Release|Any CPU
		{195D3251-8A72-4395-9DFB-26179F17D1D0}.Debug|Any CPU.ActiveCfg = Debug|Any CPU
		{195D3251-8A72-4395-9DFB-26179F17D1D0}.Debug|Any CPU.Build.0 = Debug|Any CPU
		{195D3251-8A72-4395-9DFB-26179F17D1D0}.Release|Any CPU.ActiveCfg = Release|Any CPU
		{195D3251-8A72-4395-9DFB-26179F17D1D0}.Release|Any CPU.Build.0 = Release|Any CPU
		{C6FC88FB-2A0E-471A-BDEF-F9EF3D290CAD}.Debug|Any CPU.ActiveCfg = Debug|Any CPU
		{C6FC88FB-2A0E-471A-BDEF-F9EF3D290CAD}.Debug|Any CPU.Build.0 = Debug|Any CPU
		{C6FC88FB-2A0E-471A-BDEF-F9EF3D290CAD}.Release|Any CPU.ActiveCfg = Release|Any CPU
		{C6FC88FB-2A0E-471A-BDEF-F9EF3D290CAD}.Release|Any CPU.Build.0 = Release|Any CPU
		{5DC5E5A9-9D8D-44A0-8954-B55F457FF006}.Debug|Any CPU.ActiveCfg = Debug|Any CPU
		{5DC5E5A9-9D8D-44A0-8954-B55F457FF006}.Debug|Any CPU.Build.0 = Debug|Any CPU
		{5DC5E5A9-9D8D-44A0-8954-B55F457FF006}.Release|Any CPU.ActiveCfg = Release|Any CPU
		{5DC5E5A9-9D8D-44A0-8954-B55F457FF006}.Release|Any CPU.Build.0 = Release|Any CPU
		{B7763BC7-B406-446F-97A8-4CEF9E7FC1C1}.Debug|Any CPU.ActiveCfg = Debug|Any CPU
		{B7763BC7-B406-446F-97A8-4CEF9E7FC1C1}.Debug|Any CPU.Build.0 = Debug|Any CPU
		{B7763BC7-B406-446F-97A8-4CEF9E7FC1C1}.Release|Any CPU.ActiveCfg = Release|Any CPU
		{B7763BC7-B406-446F-97A8-4CEF9E7FC1C1}.Release|Any CPU.Build.0 = Release|Any CPU
		{3AB6808A-10DD-4C26-B6E9-EDB9E5FAB762}.Debug|Any CPU.ActiveCfg = Debug|Any CPU
		{3AB6808A-10DD-4C26-B6E9-EDB9E5FAB762}.Debug|Any CPU.Build.0 = Debug|Any CPU
		{3AB6808A-10DD-4C26-B6E9-EDB9E5FAB762}.Release|Any CPU.ActiveCfg = Release|Any CPU
		{3AB6808A-10DD-4C26-B6E9-EDB9E5FAB762}.Release|Any CPU.Build.0 = Release|Any CPU
	EndGlobalSection
EndGlobal
